// !$*UTF8*$!
{
	archiveVersion = 1;
	classes = {
	};
	objectVersion = 46;
	objects = {

/* Begin PBXBuildFile section */
		2BF4BEA91D2DBD8C00B69D2D /* AppDelegate.swift in Sources */ = {isa = PBXBuildFile; fileRef = 2BF4BEA81D2DBD8C00B69D2D /* AppDelegate.swift */; };
		2BF4BEAE1D2DBD8C00B69D2D /* Main.storyboard in Resources */ = {isa = PBXBuildFile; fileRef = 2BF4BEAC1D2DBD8C00B69D2D /* Main.storyboard */; };
		2BF4BEB01D2DBD8C00B69D2D /* Assets.xcassets in Resources */ = {isa = PBXBuildFile; fileRef = 2BF4BEAF1D2DBD8C00B69D2D /* Assets.xcassets */; };
		2BF4BEB31D2DBD8C00B69D2D /* LaunchScreen.storyboard in Resources */ = {isa = PBXBuildFile; fileRef = 2BF4BEB11D2DBD8C00B69D2D /* LaunchScreen.storyboard */; };
		2BF4BEBB1D2DBE1500B69D2D /* DesignerListViewController.swift in Sources */ = {isa = PBXBuildFile; fileRef = 2BF4BEBA1D2DBE1500B69D2D /* DesignerListViewController.swift */; };
		2BF4BEBD1D2DBE6B00B69D2D /* NetworkManager.swift in Sources */ = {isa = PBXBuildFile; fileRef = 2BF4BEBC1D2DBE6B00B69D2D /* NetworkManager.swift */; };
		2BF4BEBF1D2DBFD000B69D2D /* ItemsCollectionViewController.swift in Sources */ = {isa = PBXBuildFile; fileRef = 2BF4BEBE1D2DBFD000B69D2D /* ItemsCollectionViewController.swift */; };
		2BF4BEC11D2DC47D00B69D2D /* Item.swift in Sources */ = {isa = PBXBuildFile; fileRef = 2BF4BEC01D2DC47D00B69D2D /* Item.swift */; };
		2BF4BEC31D2DC51D00B69D2D /* ItemsCell.swift in Sources */ = {isa = PBXBuildFile; fileRef = 2BF4BEC21D2DC51D00B69D2D /* ItemsCell.swift */; };
		2BF4BEC51D2DFAA300B69D2D /* FavoriteDesignersTableViewController.swift in Sources */ = {isa = PBXBuildFile; fileRef = 2BF4BEC41D2DFAA300B69D2D /* FavoriteDesignersTableViewController.swift */; };
		5586C42726A0BFD03915A0BE /* Pods_Designr.framework in Frameworks */ = {isa = PBXBuildFile; fileRef = 4B7482D6829F577C58F2796A /* Pods_Designr.framework */; };
/* End PBXBuildFile section */

/* Begin PBXFileReference section */
		2BF4BEA51D2DBD8C00B69D2D /* Designr.app */ = {isa = PBXFileReference; explicitFileType = wrapper.application; includeInIndex = 0; path = Designr.app; sourceTree = BUILT_PRODUCTS_DIR; };
		2BF4BEA81D2DBD8C00B69D2D /* AppDelegate.swift */ = {isa = PBXFileReference; lastKnownFileType = sourcecode.swift; path = AppDelegate.swift; sourceTree = "<group>"; };
		2BF4BEAD1D2DBD8C00B69D2D /* Base */ = {isa = PBXFileReference; lastKnownFileType = file.storyboard; name = Base; path = Base.lproj/Main.storyboard; sourceTree = "<group>"; };
		2BF4BEAF1D2DBD8C00B69D2D /* Assets.xcassets */ = {isa = PBXFileReference; lastKnownFileType = folder.assetcatalog; path = Assets.xcassets; sourceTree = "<group>"; };
		2BF4BEB21D2DBD8C00B69D2D /* Base */ = {isa = PBXFileReference; lastKnownFileType = file.storyboard; name = Base; path = Base.lproj/LaunchScreen.storyboard; sourceTree = "<group>"; };
		2BF4BEB41D2DBD8C00B69D2D /* Info.plist */ = {isa = PBXFileReference; lastKnownFileType = text.plist.xml; path = Info.plist; sourceTree = "<group>"; };
		2BF4BEBA1D2DBE1500B69D2D /* DesignerListViewController.swift */ = {isa = PBXFileReference; fileEncoding = 4; lastKnownFileType = sourcecode.swift; path = DesignerListViewController.swift; sourceTree = "<group>"; };
		2BF4BEBC1D2DBE6B00B69D2D /* NetworkManager.swift */ = {isa = PBXFileReference; fileEncoding = 4; lastKnownFileType = sourcecode.swift; path = NetworkManager.swift; sourceTree = "<group>"; };
		2BF4BEBE1D2DBFD000B69D2D /* ItemsCollectionViewController.swift */ = {isa = PBXFileReference; fileEncoding = 4; lastKnownFileType = sourcecode.swift; path = ItemsCollectionViewController.swift; sourceTree = "<group>"; };
		2BF4BEC01D2DC47D00B69D2D /* Item.swift */ = {isa = PBXFileReference; fileEncoding = 4; lastKnownFileType = sourcecode.swift; path = Item.swift; sourceTree = "<group>"; };
		2BF4BEC21D2DC51D00B69D2D /* ItemsCell.swift */ = {isa = PBXFileReference; fileEncoding = 4; lastKnownFileType = sourcecode.swift; path = ItemsCell.swift; sourceTree = "<group>"; };
		2BF4BEC41D2DFAA300B69D2D /* FavoriteDesignersTableViewController.swift */ = {isa = PBXFileReference; fileEncoding = 4; lastKnownFileType = sourcecode.swift; path = FavoriteDesignersTableViewController.swift; sourceTree = "<group>"; };
		4B7482D6829F577C58F2796A /* Pods_Designr.framework */ = {isa = PBXFileReference; explicitFileType = wrapper.framework; includeInIndex = 0; path = Pods_Designr.framework; sourceTree = BUILT_PRODUCTS_DIR; };
		C612A7799D4192170E8DAF55 /* Pods-Designr.release.xcconfig */ = {isa = PBXFileReference; includeInIndex = 1; lastKnownFileType = text.xcconfig; name = "Pods-Designr.release.xcconfig"; path = "Pods/Target Support Files/Pods-Designr/Pods-Designr.release.xcconfig"; sourceTree = "<group>"; };
		D4EF8662D6C09778C0E75993 /* Pods-Designr.debug.xcconfig */ = {isa = PBXFileReference; includeInIndex = 1; lastKnownFileType = text.xcconfig; name = "Pods-Designr.debug.xcconfig"; path = "Pods/Target Support Files/Pods-Designr/Pods-Designr.debug.xcconfig"; sourceTree = "<group>"; };
/* End PBXFileReference section */

/* Begin PBXFrameworksBuildPhase section */
		2BF4BEA21D2DBD8C00B69D2D /* Frameworks */ = {
			isa = PBXFrameworksBuildPhase;
			buildActionMask = 2147483647;
			files = (
				5586C42726A0BFD03915A0BE /* Pods_Designr.framework in Frameworks */,
			);
			runOnlyForDeploymentPostprocessing = 0;
		};
/* End PBXFrameworksBuildPhase section */

/* Begin PBXGroup section */
		1598BCFAF971A530CB34C7E2 /* Pods */ = {
			isa = PBXGroup;
			children = (
				D4EF8662D6C09778C0E75993 /* Pods-Designr.debug.xcconfig */,
				C612A7799D4192170E8DAF55 /* Pods-Designr.release.xcconfig */,
			);
			name = Pods;
			sourceTree = "<group>";
		};
		2BF4BE9C1D2DBD8B00B69D2D = {
			isa = PBXGroup;
			children = (
				2BF4BEA71D2DBD8C00B69D2D /* Designr */,
				2BF4BEA61D2DBD8C00B69D2D /* Products */,
				1598BCFAF971A530CB34C7E2 /* Pods */,
				F992B0D541328130AE995AD6 /* Frameworks */,
			);
			sourceTree = "<group>";
		};
		2BF4BEA61D2DBD8C00B69D2D /* Products */ = {
			isa = PBXGroup;
			children = (
				2BF4BEA51D2DBD8C00B69D2D /* Designr.app */,
			);
			name = Products;
			sourceTree = "<group>";
		};
		2BF4BEA71D2DBD8C00B69D2D /* Designr */ = {
			isa = PBXGroup;
			children = (
				2BF4BEA81D2DBD8C00B69D2D /* AppDelegate.swift */,
				2BF4BEBA1D2DBE1500B69D2D /* DesignerListViewController.swift */,
				2BF4BEBE1D2DBFD000B69D2D /* ItemsCollectionViewController.swift */,
				2BF4BEC41D2DFAA300B69D2D /* FavoriteDesignersTableViewController.swift */,
				2BF4BEBC1D2DBE6B00B69D2D /* NetworkManager.swift */,
				2BF4BEC21D2DC51D00B69D2D /* ItemsCell.swift */,
				2BF4BEC01D2DC47D00B69D2D /* Item.swift */,
				2BF4BEAC1D2DBD8C00B69D2D /* Main.storyboard */,
				2BF4BEB11D2DBD8C00B69D2D /* LaunchScreen.storyboard */,
				2BF4BEAF1D2DBD8C00B69D2D /* Assets.xcassets */,
				2BF4BEB41D2DBD8C00B69D2D /* Info.plist */,
			);
			path = Designr;
			sourceTree = "<group>";
		};
		F992B0D541328130AE995AD6 /* Frameworks */ = {
			isa = PBXGroup;
			children = (
				4B7482D6829F577C58F2796A /* Pods_Designr.framework */,
			);
			name = Frameworks;
			sourceTree = "<group>";
		};
/* End PBXGroup section */

/* Begin PBXNativeTarget section */
		2BF4BEA41D2DBD8C00B69D2D /* Designr */ = {
			isa = PBXNativeTarget;
			buildConfigurationList = 2BF4BEB71D2DBD8C00B69D2D /* Build configuration list for PBXNativeTarget "Designr" */;
			buildPhases = (
				E989F3B640BCB23C32315A64 /* [CP] Check Pods Manifest.lock */,
				2BF4BEA11D2DBD8C00B69D2D /* Sources */,
				2BF4BEA21D2DBD8C00B69D2D /* Frameworks */,
				2BF4BEA31D2DBD8C00B69D2D /* Resources */,
				1FF7A957B9FE6DF3096447AE /* [CP] Embed Pods Frameworks */,
				6F5A3CFE6B9AA8951078F59E /* [CP] Copy Pods Resources */,
			);
			buildRules = (
			);
			dependencies = (
			);
			name = Designr;
			productName = Designr;
			productReference = 2BF4BEA51D2DBD8C00B69D2D /* Designr.app */;
			productType = "com.apple.product-type.application";
		};
/* End PBXNativeTarget section */

/* Begin PBXProject section */
		2BF4BE9D1D2DBD8C00B69D2D /* Project object */ = {
			isa = PBXProject;
			attributes = {
				LastSwiftUpdateCheck = 0730;
				LastUpgradeCheck = 0730;
				ORGANIZATIONNAME = "Akshay Pimprikar";
				TargetAttributes = {
					2BF4BEA41D2DBD8C00B69D2D = {
						CreatedOnToolsVersion = 7.3.1;
					};
				};
			};
			buildConfigurationList = 2BF4BEA01D2DBD8C00B69D2D /* Build configuration list for PBXProject "Designr" */;
			compatibilityVersion = "Xcode 3.2";
			developmentRegion = English;
			hasScannedForEncodings = 0;
			knownRegions = (
				en,
				Base,
			);
			mainGroup = 2BF4BE9C1D2DBD8B00B69D2D;
			productRefGroup = 2BF4BEA61D2DBD8C00B69D2D /* Products */;
			projectDirPath = "";
			projectRoot = "";
			targets = (
				2BF4BEA41D2DBD8C00B69D2D /* Designr */,
			);
		};
/* End PBXProject section */

/* Begin PBXResourcesBuildPhase section */
		2BF4BEA31D2DBD8C00B69D2D /* Resources */ = {
			isa = PBXResourcesBuildPhase;
			buildActionMask = 2147483647;
			files = (
				2BF4BEB31D2DBD8C00B69D2D /* LaunchScreen.storyboard in Resources */,
				2BF4BEB01D2DBD8C00B69D2D /* Assets.xcassets in Resources */,
				2BF4BEAE1D2DBD8C00B69D2D /* Main.storyboard in Resources */,
			);
			runOnlyForDeploymentPostprocessing = 0;
		};
/* End PBXResourcesBuildPhase section */

/* Begin PBXShellScriptBuildPhase section */
		1FF7A957B9FE6DF3096447AE /* [CP] Embed Pods Frameworks */ = {
			isa = PBXShellScriptBuildPhase;
			buildActionMask = 2147483647;
			files = (
			);
			inputPaths = (
			);
			name = "[CP] Embed Pods Frameworks";
			outputPaths = (
			);
			runOnlyForDeploymentPostprocessing = 0;
			shellPath = /bin/sh;
			shellScript = "\"${SRCROOT}/Pods/Target Support Files/Pods-Designr/Pods-Designr-frameworks.sh\"\n";
			showEnvVarsInLog = 0;
		};
		6F5A3CFE6B9AA8951078F59E /* [CP] Copy Pods Resources */ = {
			isa = PBXShellScriptBuildPhase;
			buildActionMask = 2147483647;
			files = (
			);
			inputPaths = (
			);
			name = "[CP] Copy Pods Resources";
			outputPaths = (
			);
			runOnlyForDeploymentPostprocessing = 0;
			shellPath = /bin/sh;
			shellScript = "\"${SRCROOT}/Pods/Target Support Files/Pods-Designr/Pods-Designr-resources.sh\"\n";
			showEnvVarsInLog = 0;
		};
		E989F3B640BCB23C32315A64 /* [CP] Check Pods Manifest.lock */ = {
			isa = PBXShellScriptBuildPhase;
			buildActionMask = 2147483647;
			files = (
			);
			inputPaths = (
			);
			name = "[CP] Check Pods Manifest.lock";
			outputPaths = (
			);
			runOnlyForDeploymentPostprocessing = 0;
			shellPath = /bin/sh;
			shellScript = "diff \"${PODS_ROOT}/../Podfile.lock\" \"${PODS_ROOT}/Manifest.lock\" > /dev/null\nif [[ $? != 0 ]] ; then\n    cat << EOM\nerror: The sandbox is not in sync with the Podfile.lock. Run 'pod install' or update your CocoaPods installation.\nEOM\n    exit 1\nfi\n";
			showEnvVarsInLog = 0;
		};
/* End PBXShellScriptBuildPhase section */

/* Begin PBXSourcesBuildPhase section */
		2BF4BEA11D2DBD8C00B69D2D /* Sources */ = {
			isa = PBXSourcesBuildPhase;
			buildActionMask = 2147483647;
			files = (
				2BF4BEC11D2DC47D00B69D2D /* Item.swift in Sources */,
				2BF4BEBD1D2DBE6B00B69D2D /* NetworkManager.swift in Sources */,
				2BF4BEC31D2DC51D00B69D2D /* ItemsCell.swift in Sources */,
				2BF4BEA91D2DBD8C00B69D2D /* AppDelegate.swift in Sources */,
				2BF4BEBB1D2DBE1500B69D2D /* DesignerListViewController.swift in Sources */,
				2BF4BEC51D2DFAA300B69D2D /* FavoriteDesignersTableViewController.swift in Sources */,
				2BF4BEBF1D2DBFD000B69D2D /* ItemsCollectionViewController.swift in Sources */,
			);
			runOnlyForDeploymentPostprocessing = 0;
		};
/* End PBXSourcesBuildPhase section */

/* Begin PBXVariantGroup section */
		2BF4BEAC1D2DBD8C00B69D2D /* Main.storyboard */ = {
			isa = PBXVariantGroup;
			children = (
				2BF4BEAD1D2DBD8C00B69D2D /* Base */,
			);
			name = Main.storyboard;
			sourceTree = "<group>";
		};
		2BF4BEB11D2DBD8C00B69D2D /* LaunchScreen.storyboard */ = {
			isa = PBXVariantGroup;
			children = (
				2BF4BEB21D2DBD8C00B69D2D /* Base */,
			);
			name = LaunchScreen.storyboard;
			sourceTree = "<group>";
		};
/* End PBXVariantGroup section */

/* Begin XCBuildConfiguration section */
		2BF4BEB51D2DBD8C00B69D2D /* Debug */ = {
			isa = XCBuildConfiguration;
			buildSettings = {
				ALWAYS_SEARCH_USER_PATHS = NO;
				CLANG_ANALYZER_NONNULL = YES;
				CLANG_CXX_LANGUAGE_STANDARD = "gnu++0x";
				CLANG_CXX_LIBRARY = "libc++";
				CLANG_ENABLE_MODULES = YES;
				CLANG_ENABLE_OBJC_ARC = YES;
				CLANG_WARN_BOOL_CONVERSION = YES;
				CLANG_WARN_CONSTANT_CONVERSION = YES;
				CLANG_WARN_DIRECT_OBJC_ISA_USAGE = YES_ERROR;
				CLANG_WARN_EMPTY_BODY = YES;
				CLANG_WARN_ENUM_CONVERSION = YES;
				CLANG_WARN_INT_CONVERSION = YES;
				CLANG_WARN_OBJC_ROOT_CLASS = YES_ERROR;
				CLANG_WARN_UNREACHABLE_CODE = YES;
				CLANG_WARN__DUPLICATE_METHOD_MATCH = YES;
				"CODE_SIGN_IDENTITY[sdk=iphoneos*]" = "iPhone Developer";
				COPY_PHASE_STRIP = NO;
				DEBUG_INFORMATION_FORMAT = dwarf;
				ENABLE_STRICT_OBJC_MSGSEND = YES;
				ENABLE_TESTABILITY = YES;
				GCC_C_LANGUAGE_STANDARD = gnu99;
				GCC_DYNAMIC_NO_PIC = NO;
				GCC_NO_COMMON_BLOCKS = YES;
				GCC_OPTIMIZATION_LEVEL = 0;
				GCC_PREPROCESSOR_DEFINITIONS = (
					"DEBUG=1",
					"$(inherited)",
				);
				GCC_WARN_64_TO_32_BIT_CONVERSION = YES;
				GCC_WARN_ABOUT_RETURN_TYPE = YES_ERROR;
				GCC_WARN_UNDECLARED_SELECTOR = YES;
				GCC_WARN_UNINITIALIZED_AUTOS = YES_AGGRESSIVE;
				GCC_WARN_UNUSED_FUNCTION = YES;
				GCC_WARN_UNUSED_VARIABLE = YES;
				IPHONEOS_DEPLOYMENT_TARGET = 8.0;
				MTL_ENABLE_DEBUG_INFO = YES;
				ONLY_ACTIVE_ARCH = YES;
				SDKROOT = iphoneos;
				SWIFT_OPTIMIZATION_LEVEL = "-Onone";
			};
			name = Debug;
		};
		2BF4BEB61D2DBD8C00B69D2D /* Release */ = {
			isa = XCBuildConfiguration;
			buildSettings = {
				ALWAYS_SEARCH_USER_PATHS = NO;
				CLANG_ANALYZER_NONNULL = YES;
				CLANG_CXX_LANGUAGE_STANDARD = "gnu++0x";
				CLANG_CXX_LIBRARY = "libc++";
				CLANG_ENABLE_MODULES = YES;
				CLANG_ENABLE_OBJC_ARC = YES;
				CLANG_WARN_BOOL_CONVERSION = YES;
				CLANG_WARN_CONSTANT_CONVERSION = YES;
				CLANG_WARN_DIRECT_OBJC_ISA_USAGE = YES_ERROR;
				CLANG_WARN_EMPTY_BODY = YES;
				CLANG_WARN_ENUM_CONVERSION = YES;
				CLANG_WARN_INT_CONVERSION = YES;
				CLANG_WARN_OBJC_ROOT_CLASS = YES_ERROR;
				CLANG_WARN_UNREACHABLE_CODE = YES;
				CLANG_WARN__DUPLICATE_METHOD_MATCH = YES;
				"CODE_SIGN_IDENTITY[sdk=iphoneos*]" = "iPhone Developer";
				COPY_PHASE_STRIP = NO;
				DEBUG_INFORMATION_FORMAT = "dwarf-with-dsym";
				ENABLE_NS_ASSERTIONS = NO;
				ENABLE_STRICT_OBJC_MSGSEND = YES;
				GCC_C_LANGUAGE_STANDARD = gnu99;
				GCC_NO_COMMON_BLOCKS = YES;
				GCC_WARN_64_TO_32_BIT_CONVERSION = YES;
				GCC_WARN_ABOUT_RETURN_TYPE = YES_ERROR;
				GCC_WARN_UNDECLARED_SELECTOR = YES;
				GCC_WARN_UNINITIALIZED_AUTOS = YES_AGGRESSIVE;
				GCC_WARN_UNUSED_FUNCTION = YES;
				GCC_WARN_UNUSED_VARIABLE = YES;
				IPHONEOS_DEPLOYMENT_TARGET = 8.0;
				MTL_ENABLE_DEBUG_INFO = NO;
				SDKROOT = iphoneos;
				VALIDATE_PRODUCT = YES;
			};
			name = Release;
		};
		2BF4BEB81D2DBD8C00B69D2D /* Debug */ = {
			isa = XCBuildConfiguration;
			baseConfigurationReference = D4EF8662D6C09778C0E75993 /* Pods-Designr.debug.xcconfig */;
			buildSettings = {
				ASSETCATALOG_COMPILER_APPICON_NAME = AppIcon;
				INFOPLIST_FILE = Designr/Info.plist;
				IPHONEOS_DEPLOYMENT_TARGET = 8.0;
				LD_RUNPATH_SEARCH_PATHS = "$(inherited) @executable_path/Frameworks";
				PRODUCT_BUNDLE_IDENTIFIER = com.akshaypimprikar.Designr;
				PRODUCT_NAME = "$(TARGET_NAME)";
			};
			name = Debug;
		};
		2BF4BEB91D2DBD8C00B69D2D /* Release */ = {
			isa = XCBuildConfiguration;
			baseConfigurationReference = C612A7799D4192170E8DAF55 /* Pods-Designr.release.xcconfig */;
			buildSettings = {
				ASSETCATALOG_COMPILER_APPICON_NAME = AppIcon;
				INFOPLIST_FILE = Designr/Info.plist;
				IPHONEOS_DEPLOYMENT_TARGET = 8.0;
				LD_RUNPATH_SEARCH_PATHS = "$(inherited) @executable_path/Frameworks";
				PRODUCT_BUNDLE_IDENTIFIER = com.akshaypimprikar.Designr;
				PRODUCT_NAME = "$(TARGET_NAME)";
			};
			name = Release;
		};
/* End XCBuildConfiguration section */

/* Begin XCConfigurationList section */
		2BF4BEA01D2DBD8C00B69D2D /* Build configuration list for PBXProject "Designr" */ = {
			isa = XCConfigurationList;
			buildConfigurations = (
				2BF4BEB51D2DBD8C00B69D2D /* Debug */,
				2BF4BEB61D2DBD8C00B69D2D /* Release */,
			);
			defaultConfigurationIsVisible = 0;
			defaultConfigurationName = Release;
		};
		2BF4BEB71D2DBD8C00B69D2D /* Build configuration list for PBXNativeTarget "Designr" */ = {
			isa = XCConfigurationList;
			buildConfigurations = (
				2BF4BEB81D2DBD8C00B69D2D /* Debug */,
				2BF4BEB91D2DBD8C00B69D2D /* Release */,
			);
			defaultConfigurationIsVisible = 0;
			defaultConfigurationName = Release;
		};
/* End XCConfigurationList section */
	};
	rootObject = 2BF4BE9D1D2DBD8C00B69D2D /* Project object */;
}
